github.com/MonsieurTa/go-lexer v0.0.0-20210727221729-5ffca44d7a0c h1:AMjeHH1dmjV71FZcWzj7akRblT2Kk5m2jJmcQDCXo/I=
github.com/MonsieurTa/go-lexer v0.0.0-20210727221729-5ffca44d7a0c/go.mod h1:4AdRGChBtgF+zUIlN/MSAVyr+9hq6XkgBf1NXGbOC+o=
github.com/MonsieurTa/go-lexer v0.1.0 h1:+wNBGGRfsI3DdKasN/YtsTfwXMKwgp/JmQDR8V7RCxU=
github.com/MonsieurTa/go-lexer v0.1.0/go.mod h1:4AdRGChBtgF+zUIlN/MSAVyr+9hq6XkgBf1NXGbOC+o=
github.com/MonsieurTa/go-lexer v0.1.1 h1:djDksTNhj8akwcYxhqsI5wLSXlzqmN5PRO6zRU/zNsY=
github.com/MonsieurTa/go-lexer v0.1.1/go.mod h1:4AdRGChBtgF+zUIlN/MSAVyr+9hq6XkgBf1NXGbOC+o=
github.com/MonsieurTa/go-lexer v0.1.3 h1:ZONqRcfVpI4nZXLEr5ygjQF1ZI55/ApyafWkriF8Ork=
github.com/MonsieurTa/go-lexer v0.1.3/go.mod h1:4AdRGChBtgF+zUIlN/MSAVyr+9hq6XkgBf1NXGbOC+o=
github.com/MonsieurTa/go-lexer v0.1.4 h1:5ArixZsl8722D8S+0rb1RqXecCSIrrgSmAM3fWtLynQ=
github.com/MonsieurTa/go-lexer v0.1.4/go.mod h1:4AdRGChBtgF+zUIlN/MSAVyr+9hq6XkgBf1NXGbOC+o=
